
Microsoft Visual Studio Solution File, Format Version 12.00
# Visual Studio 14
VisualStudioVersion = 14.0.24720.0
MinimumVisualStudioVersion = 10.0.40219.1
Project("{8BC9CEB8-8B4A-11D0-8D11-00A0C91BC942}") = "gme", "gme.vcxproj", "{F7622413-B196-4072-A214-E95F7C65A0AA}"
EndProject
Global
	GlobalSection(SolutionConfigurationPlatforms) = preSolution
		Debug|x64 = Debug|x64
		Debug|Win32 = Debug|Win32
		Release|x64 = Release|x64
		Release|Win32 = Release|Win32
		DebugDLL|x64 = DebugDLL|x64
		DebugDLL|Win32 = DebugDLL|Win32
		ReleaseDLL|x64 = ReleaseDLL|x64
		ReleaseDLL|Win32 = ReleaseDLL|Win32
	EndGlobalSection
	GlobalSection(ProjectConfigurationPlatforms) = postSolution
		{F7622413-B196-4072-A214-E95F7C65A0AA}.Debug|x64.ActiveCfg = Debug|x64
		{F7622413-B196-4072-A214-E95F7C65A0AA}.Debug|x64.Build.0 = Debug|x64
		{F7622413-B196-4072-A214-E95F7C65A0AA}.Debug|Win32.ActiveCfg = Debug|Win32
		{F7622413-B196-4072-A214-E95F7C65A0AA}.Debug|Win32.Build.0 = Debug|Win32
		{F7622413-B196-4072-A214-E95F7C65A0AA}.Release|x64.ActiveCfg = Release|x64
		{F7622413-B196-4072-A214-E95F7C65A0AA}.Release|x64.Build.0 = Release|x64
		{F7622413-B196-4072-A214-E95F7C65A0AA}.Release|Win32.ActiveCfg = Release|Win32
		{F7622413-B196-4072-A214-E95F7C65A0AA}.Release|Win32.Build.0 = Release|Win32
		{F7622413-B196-4072-A214-E95F7C65A0AA}.DebugDLL|x64.ActiveCfg = DebugDLL|x64
		{F7622413-B196-4072-A214-E95F7C65A0AA}.DebugDLL|x64.Build.0 = DebugDLL|x64
		{F7622413-B196-4072-A214-E95F7C65A0AA}.DebugDLL|Win32.ActiveCfg = DebugDLL|Win32
		{F7622413-B196-4072-A214-E95F7C65A0AA}.DebugDLL|Win32.Build.0 = DebugDLL|Win32
		{F7622413-B196-4072-A214-E95F7C65A0AA}.ReleaseDLL|x64.ActiveCfg = ReleaseDLL|x64
		{F7622413-B196-4072-A214-E95F7C65A0AA}.ReleaseDLL|x64.Build.0 = ReleaseDLL|x64
		{F7622413-B196-4072-A214-E95F7C65A0AA}.ReleaseDLL|Win32.ActiveCfg = ReleaseDLL|Win32
		{F7622413-B196-4072-A214-E95F7C65A0AA}.ReleaseDLL|Win32.Build.0 = ReleaseDLL|Win32
	EndGlobalSection
	GlobalSection(SolutionProperties) = preSolution
		HideSolutionNode = FALSE
	EndGlobalSection
EndGlobal
